
Microsoft Visual Studio Solution File, Format Version 12.00
# Visual Studio Version 17
VisualStudioVersion = 17.2.32630.192
MinimumVisualStudioVersion = 10.0.40219.1
Project("{FAE04EC0-301F-11D3-BF4B-00C04F79EFBC}") = "QuanLiNhanSu", "QuanLiNhanSu.csproj", "{2B2BF5EC-5355-4C94-8731-45177579E28F}"
EndProject
Global
	GlobalSection(SolutionConfigurationPlatforms) = preSolution
		Debug|Any CPU = Debug|Any CPU
		Release|Any CPU = Release|Any CPU
	EndGlobalSection
	GlobalSection(ProjectConfigurationPlatforms) = postSolution
		{2B2BF5EC-5355-4C94-8731-45177579E28F}.Debug|Any CPU.ActiveCfg = Debug|Any CPU
		{2B2BF5EC-5355-4C94-8731-45177579E28F}.Debug|Any CPU.Build.0 = Debug|Any CPU
		{2B2BF5EC-5355-4C94-8731-45177579E28F}.Release|Any CPU.ActiveCfg = Release|Any CPU
		{2B2BF5EC-5355-4C94-8731-45177579E28F}.Release|Any CPU.Build.0 = Release|Any CPU
	EndGlobalSection
	GlobalSection(SolutionProperties) = preSolution
		HideSolutionNode = FALSE
	EndGlobalSection
	GlobalSection(ExtensibilityGlobals) = postSolution
		SolutionGuid = {D36B38B6-FB09-49BA-9A74-762DDDF7A868}
	EndGlobalSection
EndGlobal
